
Microsoft Visual Studio Solution File, Format Version 12.00
# Visual Studio Version 17
VisualStudioVersion = 17.8.34309.116
MinimumVisualStudioVersion = 10.0.40219.1
Project("{9A19103F-16F7-4668-BE54-9A1E7A4F7556}") = "FSU600-LAB3-API", "FSU600-LAB3-API\FSU600-LAB3-API.csproj", "{7B36E361-90CD-4CA8-96ED-C8DB2507E6BC}"
EndProject
Global
	GlobalSection(SolutionConfigurationPlatforms) = preSolution
		Debug|Any CPU = Debug|Any CPU
		Release|Any CPU = Release|Any CPU
	EndGlobalSection
	GlobalSection(ProjectConfigurationPlatforms) = postSolution
		{7B36E361-90CD-4CA8-96ED-C8DB2507E6BC}.Debug|Any CPU.ActiveCfg = Debug|Any CPU
		{7B36E361-90CD-4CA8-96ED-C8DB2507E6BC}.Debug|Any CPU.Build.0 = Debug|Any CPU
		{7B36E361-90CD-4CA8-96ED-C8DB2507E6BC}.Release|Any CPU.ActiveCfg = Release|Any CPU
		{7B36E361-90CD-4CA8-96ED-C8DB2507E6BC}.Release|Any CPU.Build.0 = Release|Any CPU
	EndGlobalSection
	GlobalSection(SolutionProperties) = preSolution
		HideSolutionNode = FALSE
	EndGlobalSection
	GlobalSection(ExtensibilityGlobals) = postSolution
		SolutionGuid = {A601AE78-9819-490A-A40F-F218E24EBC67}
	EndGlobalSection
EndGlobal
